{
  "name": "lsspdx",
  "version": "1.0.0",
  "lockfileVersion": 2,
  "requires": true,
  "packages": {
    "": {
      "name": "lsspdx",
      "version": "1.0.0",
      "license": "Apache-2.0",
      "dependencies": {
        "spdx-license-list": "^6.6.0"
      }
    },
    "node_modules/spdx-license-list": {
      "version": "6.6.0",
      "resolved": "https://registry.npmjs.org/spdx-license-list/-/spdx-license-list-6.6.0.tgz",
      "integrity": "sha512-vLwdf9AWgdJQmG8cai2HKfkInFsliKaCCOwXmdVonClIhdURTX61KdDOoXC1qcQ7gDaZj+CUTcrMJeAdnCtrKA==",
      "engines": {
        "node": ">=8"
      },
      "funding": {
        "url": "https://github.com/sponsors/sindresorhus"
      }
    }
  },
  "dependencies": {
    "spdx-license-list": {
      "version": "6.6.0",
      "resolved": "https://registry.npmjs.org/spdx-license-list/-/spdx-license-list-6.6.0.tgz",
      "integrity": "sha512-vLwdf9AWgdJQmG8cai2HKfkInFsliKaCCOwXmdVonClIhdURTX61KdDOoXC1qcQ7gDaZj+CUTcrMJeAdnCtrKA=="
    }
  }
}
